// !$*UTF8*$!
{
	archiveVersion = 1;
	classes = {
	};
	objectVersion = 50;
	objects = {

/* Begin PBXBuildFile section */
		6B9C3E0727070675002972E8 /* AppDelegate.swift in Sources */ = {isa = PBXBuildFile; fileRef = 6B9C3E0627070675002972E8 /* AppDelegate.swift */; };
		6B9C3E0927070675002972E8 /* SceneDelegate.swift in Sources */ = {isa = PBXBuildFile; fileRef = 6B9C3E0827070675002972E8 /* SceneDelegate.swift */; };
		6B9C3E0B27070675002972E8 /* ViewController.swift in Sources */ = {isa = PBXBuildFile; fileRef = 6B9C3E0A27070675002972E8 /* ViewController.swift */; };
		6B9C3E0E27070675002972E8 /* Main.storyboard in Resources */ = {isa = PBXBuildFile; fileRef = 6B9C3E0C27070675002972E8 /* Main.storyboard */; };
		6B9C3E1127070675002972E8 /* TaskManager.xcdatamodeld in Sources */ = {isa = PBXBuildFile; fileRef = 6B9C3E0F27070675002972E8 /* TaskManager.xcdatamodeld */; };
		6B9C3E1327070676002972E8 /* Assets.xcassets in Resources */ = {isa = PBXBuildFile; fileRef = 6B9C3E1227070676002972E8 /* Assets.xcassets */; };
		6B9C3E1627070676002972E8 /* LaunchScreen.storyboard in Resources */ = {isa = PBXBuildFile; fileRef = 6B9C3E1427070676002972E8 /* LaunchScreen.storyboard */; };
		6B9C3E2127070676002972E8 /* TaskManagerTests.swift in Sources */ = {isa = PBXBuildFile; fileRef = 6B9C3E2027070676002972E8 /* TaskManagerTests.swift */; };
		6B9C3E2C27070676002972E8 /* TaskManagerUITests.swift in Sources */ = {isa = PBXBuildFile; fileRef = 6B9C3E2B27070676002972E8 /* TaskManagerUITests.swift */; };
/* End PBXBuildFile section */

/* Begin PBXContainerItemProxy section */
		6B9C3E1D27070676002972E8 /* PBXContainerItemProxy */ = {
			isa = PBXContainerItemProxy;
			containerPortal = 6B9C3DFB27070675002972E8 /* Project object */;
			proxyType = 1;
			remoteGlobalIDString = 6B9C3E0227070675002972E8;
			remoteInfo = TaskManager;
		};
		6B9C3E2827070676002972E8 /* PBXContainerItemProxy */ = {
			isa = PBXContainerItemProxy;
			containerPortal = 6B9C3DFB27070675002972E8 /* Project object */;
			proxyType = 1;
			remoteGlobalIDString = 6B9C3E0227070675002972E8;
			remoteInfo = TaskManager;
		};
/* End PBXContainerItemProxy section */

/* Begin PBXFileReference section */
		6B9C3E0327070675002972E8 /* TaskManager.app */ = {isa = PBXFileReference; explicitFileType = wrapper.application; includeInIndex = 0; path = TaskManager.app; sourceTree = BUILT_PRODUCTS_DIR; };
		6B9C3E0627070675002972E8 /* AppDelegate.swift */ = {isa = PBXFileReference; lastKnownFileType = sourcecode.swift; path = AppDelegate.swift; sourceTree = "<group>"; };
		6B9C3E0827070675002972E8 /* SceneDelegate.swift */ = {isa = PBXFileReference; lastKnownFileType = sourcecode.swift; path = SceneDelegate.swift; sourceTree = "<group>"; };
		6B9C3E0A27070675002972E8 /* ViewController.swift */ = {isa = PBXFileReference; lastKnownFileType = sourcecode.swift; path = ViewController.swift; sourceTree = "<group>"; };
		6B9C3E0D27070675002972E8 /* Base */ = {isa = PBXFileReference; lastKnownFileType = file.storyboard; name = Base; path = Base.lproj/Main.storyboard; sourceTree = "<group>"; };
		6B9C3E1027070675002972E8 /* TaskManager.xcdatamodel */ = {isa = PBXFileReference; lastKnownFileType = wrapper.xcdatamodel; path = TaskManager.xcdatamodel; sourceTree = "<group>"; };
		6B9C3E1227070676002972E8 /* Assets.xcassets */ = {isa = PBXFileReference; lastKnownFileType = folder.assetcatalog; path = Assets.xcassets; sourceTree = "<group>"; };
		6B9C3E1527070676002972E8 /* Base */ = {isa = PBXFileReference; lastKnownFileType = file.storyboard; name = Base; path = Base.lproj/LaunchScreen.storyboard; sourceTree = "<group>"; };
		6B9C3E1727070676002972E8 /* Info.plist */ = {isa = PBXFileReference; lastKnownFileType = text.plist.xml; path = Info.plist; sourceTree = "<group>"; };
		6B9C3E1C27070676002972E8 /* TaskManagerTests.xctest */ = {isa = PBXFileReference; explicitFileType = wrapper.cfbundle; includeInIndex = 0; path = TaskManagerTests.xctest; sourceTree = BUILT_PRODUCTS_DIR; };
		6B9C3E2027070676002972E8 /* TaskManagerTests.swift */ = {isa = PBXFileReference; lastKnownFileType = sourcecode.swift; path = TaskManagerTests.swift; sourceTree = "<group>"; };
		6B9C3E2227070676002972E8 /* Info.plist */ = {isa = PBXFileReference; lastKnownFileType = text.plist.xml; path = Info.plist; sourceTree = "<group>"; };
		6B9C3E2727070676002972E8 /* TaskManagerUITests.xctest */ = {isa = PBXFileReference; explicitFileType = wrapper.cfbundle; includeInIndex = 0; path = TaskManagerUITests.xctest; sourceTree = BUILT_PRODUCTS_DIR; };
		6B9C3E2B27070676002972E8 /* TaskManagerUITests.swift */ = {isa = PBXFileReference; lastKnownFileType = sourcecode.swift; path = TaskManagerUITests.swift; sourceTree = "<group>"; };
		6B9C3E2D27070676002972E8 /* Info.plist */ = {isa = PBXFileReference; lastKnownFileType = text.plist.xml; path = Info.plist; sourceTree = "<group>"; };
/* End PBXFileReference section */

/* Begin PBXFrameworksBuildPhase section */
		6B9C3E0027070675002972E8 /* Frameworks */ = {
			isa = PBXFrameworksBuildPhase;
			buildActionMask = 2147483647;
			files = (
			);
			runOnlyForDeploymentPostprocessing = 0;
		};
		6B9C3E1927070676002972E8 /* Frameworks */ = {
			isa = PBXFrameworksBuildPhase;
			buildActionMask = 2147483647;
			files = (
			);
			runOnlyForDeploymentPostprocessing = 0;
		};
		6B9C3E2427070676002972E8 /* Frameworks */ = {
			isa = PBXFrameworksBuildPhase;
			buildActionMask = 2147483647;
			files = (
			);
			runOnlyForDeploymentPostprocessing = 0;
		};
/* End PBXFrameworksBuildPhase section */

/* Begin PBXGroup section */
		6B9C3DFA27070675002972E8 = {
			isa = PBXGroup;
			children = (
				6B9C3E0527070675002972E8 /* TaskManager */,
				6B9C3E1F27070676002972E8 /* TaskManagerTests */,
				6B9C3E2A27070676002972E8 /* TaskManagerUITests */,
				6B9C3E0427070675002972E8 /* Products */,
			);
			sourceTree = "<group>";
		};
		6B9C3E0427070675002972E8 /* Products */ = {
			isa = PBXGroup;
			children = (
				6B9C3E0327070675002972E8 /* TaskManager.app */,
				6B9C3E1C27070676002972E8 /* TaskManagerTests.xctest */,
				6B9C3E2727070676002972E8 /* TaskManagerUITests.xctest */,
			);
			name = Products;
			sourceTree = "<group>";
		};
		6B9C3E0527070675002972E8 /* TaskManager */ = {
			isa = PBXGroup;
			children = (
				6B9C3E0627070675002972E8 /* AppDelegate.swift */,
				6B9C3E0827070675002972E8 /* SceneDelegate.swift */,
				6B9C3E0A27070675002972E8 /* ViewController.swift */,
				6B9C3E0C27070675002972E8 /* Main.storyboard */,
				6B9C3E1227070676002972E8 /* Assets.xcassets */,
				6B9C3E1427070676002972E8 /* LaunchScreen.storyboard */,
				6B9C3E1727070676002972E8 /* Info.plist */,
				6B9C3E0F27070675002972E8 /* TaskManager.xcdatamodeld */,
			);
			path = TaskManager;
			sourceTree = "<group>";
		};
		6B9C3E1F27070676002972E8 /* TaskManagerTests */ = {
			isa = PBXGroup;
			children = (
				6B9C3E2027070676002972E8 /* TaskManagerTests.swift */,
				6B9C3E2227070676002972E8 /* Info.plist */,
			);
			path = TaskManagerTests;
			sourceTree = "<group>";
		};
		6B9C3E2A27070676002972E8 /* TaskManagerUITests */ = {
			isa = PBXGroup;
			children = (
				6B9C3E2B27070676002972E8 /* TaskManagerUITests.swift */,
				6B9C3E2D27070676002972E8 /* Info.plist */,
			);
			path = TaskManagerUITests;
			sourceTree = "<group>";
		};
/* End PBXGroup section */

/* Begin PBXNativeTarget section */
		6B9C3E0227070675002972E8 /* TaskManager */ = {
			isa = PBXNativeTarget;
			buildConfigurationList = 6B9C3E3027070676002972E8 /* Build configuration list for PBXNativeTarget "TaskManager" */;
			buildPhases = (
				6B9C3DFF27070675002972E8 /* Sources */,
				6B9C3E0027070675002972E8 /* Frameworks */,
				6B9C3E0127070675002972E8 /* Resources */,
			);
			buildRules = (
			);
			dependencies = (
			);
			name = TaskManager;
			productName = TaskManager;
			productReference = 6B9C3E0327070675002972E8 /* TaskManager.app */;
			productType = "com.apple.product-type.application";
		};
		6B9C3E1B27070676002972E8 /* TaskManagerTests */ = {
			isa = PBXNativeTarget;
			buildConfigurationList = 6B9C3E3327070676002972E8 /* Build configuration list for PBXNativeTarget "TaskManagerTests" */;
			buildPhases = (
				6B9C3E1827070676002972E8 /* Sources */,
				6B9C3E1927070676002972E8 /* Frameworks */,
				6B9C3E1A27070676002972E8 /* Resources */,
			);
			buildRules = (
			);
			dependencies = (
				6B9C3E1E27070676002972E8 /* PBXTargetDependency */,
			);
			name = TaskManagerTests;
			productName = TaskManagerTests;
			productReference = 6B9C3E1C27070676002972E8 /* TaskManagerTests.xctest */;
			productType = "com.apple.product-type.bundle.unit-test";
		};
		6B9C3E2627070676002972E8 /* TaskManagerUITests */ = {
			isa = PBXNativeTarget;
			buildConfigurationList = 6B9C3E3627070676002972E8 /* Build configuration list for PBXNativeTarget "TaskManagerUITests" */;
			buildPhases = (
				6B9C3E2327070676002972E8 /* Sources */,
				6B9C3E2427070676002972E8 /* Frameworks */,
				6B9C3E2527070676002972E8 /* Resources */,
			);
			buildRules = (
			);
			dependencies = (
				6B9C3E2927070676002972E8 /* PBXTargetDependency */,
			);
			name = TaskManagerUITests;
			productName = TaskManagerUITests;
			productReference = 6B9C3E2727070676002972E8 /* TaskManagerUITests.xctest */;
			productType = "com.apple.product-type.bundle.ui-testing";
		};
/* End PBXNativeTarget section */

/* Begin PBXProject section */
		6B9C3DFB27070675002972E8 /* Project object */ = {
			isa = PBXProject;
			attributes = {
				LastSwiftUpdateCheck = 1250;
				LastUpgradeCheck = 1250;
				TargetAttributes = {
					6B9C3E0227070675002972E8 = {
						CreatedOnToolsVersion = 12.5.1;
					};
					6B9C3E1B27070676002972E8 = {
						CreatedOnToolsVersion = 12.5.1;
						TestTargetID = 6B9C3E0227070675002972E8;
					};
					6B9C3E2627070676002972E8 = {
						CreatedOnToolsVersion = 12.5.1;
						TestTargetID = 6B9C3E0227070675002972E8;
					};
				};
			};
			buildConfigurationList = 6B9C3DFE27070675002972E8 /* Build configuration list for PBXProject "TaskManager" */;
			compatibilityVersion = "Xcode 9.3";
			developmentRegion = en;
			hasScannedForEncodings = 0;
			knownRegions = (
				en,
				Base,
			);
			mainGroup = 6B9C3DFA27070675002972E8;
			productRefGroup = 6B9C3E0427070675002972E8 /* Products */;
			projectDirPath = "";
			projectRoot = "";
			targets = (
				6B9C3E0227070675002972E8 /* TaskManager */,
				6B9C3E1B27070676002972E8 /* TaskManagerTests */,
				6B9C3E2627070676002972E8 /* TaskManagerUITests */,
			);
		};
/* End PBXProject section */

/* Begin PBXResourcesBuildPhase section */
		6B9C3E0127070675002972E8 /* Resources */ = {
			isa = PBXResourcesBuildPhase;
			buildActionMask = 2147483647;
			files = (
				6B9C3E1627070676002972E8 /* LaunchScreen.storyboard in Resources */,
				6B9C3E1327070676002972E8 /* Assets.xcassets in Resources */,
				6B9C3E0E27070675002972E8 /* Main.storyboard in Resources */,
			);
			runOnlyForDeploymentPostprocessing = 0;
		};
		6B9C3E1A27070676002972E8 /* Resources */ = {
			isa = PBXResourcesBuildPhase;
			buildActionMask = 2147483647;
			files = (
			);
			runOnlyForDeploymentPostprocessing = 0;
		};
		6B9C3E2527070676002972E8 /* Resources */ = {
			isa = PBXResourcesBuildPhase;
			buildActionMask = 2147483647;
			files = (
			);
			runOnlyForDeploymentPostprocessing = 0;
		};
/* End PBXResourcesBuildPhase section */

/* Begin PBXSourcesBuildPhase section */
		6B9C3DFF27070675002972E8 /* Sources */ = {
			isa = PBXSourcesBuildPhase;
			buildActionMask = 2147483647;
			files = (
				6B9C3E0B27070675002972E8 /* ViewController.swift in Sources */,
				6B9C3E0727070675002972E8 /* AppDelegate.swift in Sources */,
				6B9C3E1127070675002972E8 /* TaskManager.xcdatamodeld in Sources */,
				6B9C3E0927070675002972E8 /* SceneDelegate.swift in Sources */,
			);
			runOnlyForDeploymentPostprocessing = 0;
		};
		6B9C3E1827070676002972E8 /* Sources */ = {
			isa = PBXSourcesBuildPhase;
			buildActionMask = 2147483647;
			files = (
				6B9C3E2127070676002972E8 /* TaskManagerTests.swift in Sources */,
			);
			runOnlyForDeploymentPostprocessing = 0;
		};
		6B9C3E2327070676002972E8 /* Sources */ = {
			isa = PBXSourcesBuildPhase;
			buildActionMask = 2147483647;
			files = (
				6B9C3E2C27070676002972E8 /* TaskManagerUITests.swift in Sources */,
			);
			runOnlyForDeploymentPostprocessing = 0;
		};
/* End PBXSourcesBuildPhase section */

/* Begin PBXTargetDependency section */
		6B9C3E1E27070676002972E8 /* PBXTargetDependency */ = {
			isa = PBXTargetDependency;
			target = 6B9C3E0227070675002972E8 /* TaskManager */;
			targetProxy = 6B9C3E1D27070676002972E8 /* PBXContainerItemProxy */;
		};
		6B9C3E2927070676002972E8 /* PBXTargetDependency */ = {
			isa = PBXTargetDependency;
			target = 6B9C3E0227070675002972E8 /* TaskManager */;
			targetProxy = 6B9C3E2827070676002972E8 /* PBXContainerItemProxy */;
		};
/* End PBXTargetDependency section */

/* Begin PBXVariantGroup section */
		6B9C3E0C27070675002972E8 /* Main.storyboard */ = {
			isa = PBXVariantGroup;
			children = (
				6B9C3E0D27070675002972E8 /* Base */,
			);
			name = Main.storyboard;
			sourceTree = "<group>";
		};
		6B9C3E1427070676002972E8 /* LaunchScreen.storyboard */ = {
			isa = PBXVariantGroup;
			children = (
				6B9C3E1527070676002972E8 /* Base */,
			);
			name = LaunchScreen.storyboard;
			sourceTree = "<group>";
		};
/* End PBXVariantGroup section */

/* Begin XCBuildConfiguration section */
		6B9C3E2E27070676002972E8 /* Debug */ = {
			isa = XCBuildConfiguration;
			buildSettings = {
				ALWAYS_SEARCH_USER_PATHS = NO;
				CLANG_ANALYZER_NONNULL = YES;
				CLANG_ANALYZER_NUMBER_OBJECT_CONVERSION = YES_AGGRESSIVE;
				CLANG_CXX_LANGUAGE_STANDARD = "gnu++14";
				CLANG_CXX_LIBRARY = "libc++";
				CLANG_ENABLE_MODULES = YES;
				CLANG_ENABLE_OBJC_ARC = YES;
				CLANG_ENABLE_OBJC_WEAK = YES;
				CLANG_WARN_BLOCK_CAPTURE_AUTORELEASING = YES;
				CLANG_WARN_BOOL_CONVERSION = YES;
				CLANG_WARN_COMMA = YES;
				CLANG_WARN_CONSTANT_CONVERSION = YES;
				CLANG_WARN_DEPRECATED_OBJC_IMPLEMENTATIONS = YES;
				CLANG_WARN_DIRECT_OBJC_ISA_USAGE = YES_ERROR;
				CLANG_WARN_DOCUMENTATION_COMMENTS = YES;
				CLANG_WARN_EMPTY_BODY = YES;
				CLANG_WARN_ENUM_CONVERSION = YES;
				CLANG_WARN_INFINITE_RECURSION = YES;
				CLANG_WARN_INT_CONVERSION = YES;
				CLANG_WARN_NON_LITERAL_NULL_CONVERSION = YES;
				CLANG_WARN_OBJC_IMPLICIT_RETAIN_SELF = YES;
				CLANG_WARN_OBJC_LITERAL_CONVERSION = YES;
				CLANG_WARN_OBJC_ROOT_CLASS = YES_ERROR;
				CLANG_WARN_QUOTED_INCLUDE_IN_FRAMEWORK_HEADER = YES;
				CLANG_WARN_RANGE_LOOP_ANALYSIS = YES;
				CLANG_WARN_STRICT_PROTOTYPES = YES;
				CLANG_WARN_SUSPICIOUS_MOVE = YES;
				CLANG_WARN_UNGUARDED_AVAILABILITY = YES_AGGRESSIVE;
				CLANG_WARN_UNREACHABLE_CODE = YES;
				CLANG_WARN__DUPLICATE_METHOD_MATCH = YES;
				COPY_PHASE_STRIP = NO;
				DEBUG_INFORMATION_FORMAT = dwarf;
				ENABLE_STRICT_OBJC_MSGSEND = YES;
				ENABLE_TESTABILITY = YES;
				GCC_C_LANGUAGE_STANDARD = gnu11;
				GCC_DYNAMIC_NO_PIC = NO;
				GCC_NO_COMMON_BLOCKS = YES;
				GCC_OPTIMIZATION_LEVEL = 0;
				GCC_PREPROCESSOR_DEFINITIONS = (
					"DEBUG=1",
					"$(inherited)",
				);
				GCC_WARN_64_TO_32_BIT_CONVERSION = YES;
				GCC_WARN_ABOUT_RETURN_TYPE = YES_ERROR;
				GCC_WARN_UNDECLARED_SELECTOR = YES;
				GCC_WARN_UNINITIALIZED_AUTOS = YES_AGGRESSIVE;
				GCC_WARN_UNUSED_FUNCTION = YES;
				GCC_WARN_UNUSED_VARIABLE = YES;
				IPHONEOS_DEPLOYMENT_TARGET = 14.5;
				MTL_ENABLE_DEBUG_INFO = INCLUDE_SOURCE;
				MTL_FAST_MATH = YES;
				ONLY_ACTIVE_ARCH = YES;
				SDKROOT = iphoneos;
				SWIFT_ACTIVE_COMPILATION_CONDITIONS = DEBUG;
				SWIFT_OPTIMIZATION_LEVEL = "-Onone";
			};
			name = Debug;
		};
		6B9C3E2F27070676002972E8 /* Release */ = {
			isa = XCBuildConfiguration;
			buildSettings = {
				ALWAYS_SEARCH_USER_PATHS = NO;
				CLANG_ANALYZER_NONNULL = YES;
				CLANG_ANALYZER_NUMBER_OBJECT_CONVERSION = YES_AGGRESSIVE;
				CLANG_CXX_LANGUAGE_STANDARD = "gnu++14";
				CLANG_CXX_LIBRARY = "libc++";
				CLANG_ENABLE_MODULES = YES;
				CLANG_ENABLE_OBJC_ARC = YES;
				CLANG_ENABLE_OBJC_WEAK = YES;
				CLANG_WARN_BLOCK_CAPTURE_AUTORELEASING = YES;
				CLANG_WARN_BOOL_CONVERSION = YES;
				CLANG_WARN_COMMA = YES;
				CLANG_WARN_CONSTANT_CONVERSION = YES;
				CLANG_WARN_DEPRECATED_OBJC_IMPLEMENTATIONS = YES;
				CLANG_WARN_DIRECT_OBJC_ISA_USAGE = YES_ERROR;
				CLANG_WARN_DOCUMENTATION_COMMENTS = YES;
				CLANG_WARN_EMPTY_BODY = YES;
				CLANG_WARN_ENUM_CONVERSION = YES;
				CLANG_WARN_INFINITE_RECURSION = YES;
				CLANG_WARN_INT_CONVERSION = YES;
				CLANG_WARN_NON_LITERAL_NULL_CONVERSION = YES;
				CLANG_WARN_OBJC_IMPLICIT_RETAIN_SELF = YES;
				CLANG_WARN_OBJC_LITERAL_CONVERSION = YES;
				CLANG_WARN_OBJC_ROOT_CLASS = YES_ERROR;
				CLANG_WARN_QUOTED_INCLUDE_IN_FRAMEWORK_HEADER = YES;
				CLANG_WARN_RANGE_LOOP_ANALYSIS = YES;
				CLANG_WARN_STRICT_PROTOTYPES = YES;
				CLANG_WARN_SUSPICIOUS_MOVE = YES;
				CLANG_WARN_UNGUARDED_AVAILABILITY = YES_AGGRESSIVE;
				CLANG_WARN_UNREACHABLE_CODE = YES;
				CLANG_WARN__DUPLICATE_METHOD_MATCH = YES;
				COPY_PHASE_STRIP = NO;
				DEBUG_INFORMATION_FORMAT = "dwarf-with-dsym";
				ENABLE_NS_ASSERTIONS = NO;
				ENABLE_STRICT_OBJC_MSGSEND = YES;
				GCC_C_LANGUAGE_STANDARD = gnu11;
				GCC_NO_COMMON_BLOCKS = YES;
				GCC_WARN_64_TO_32_BIT_CONVERSION = YES;
				GCC_WARN_ABOUT_RETURN_TYPE = YES_ERROR;
				GCC_WARN_UNDECLARED_SELECTOR = YES;
				GCC_WARN_UNINITIALIZED_AUTOS = YES_AGGRESSIVE;
				GCC_WARN_UNUSED_FUNCTION = YES;
				GCC_WARN_UNUSED_VARIABLE = YES;
				IPHONEOS_DEPLOYMENT_TARGET = 14.5;
				MTL_ENABLE_DEBUG_INFO = NO;
				MTL_FAST_MATH = YES;
				SDKROOT = iphoneos;
				SWIFT_COMPILATION_MODE = wholemodule;
				SWIFT_OPTIMIZATION_LEVEL = "-O";
				VALIDATE_PRODUCT = YES;
			};
			name = Release;
		};
		6B9C3E3127070676002972E8 /* Debug */ = {
			isa = XCBuildConfiguration;
			buildSettings = {
				ASSETCATALOG_COMPILER_APPICON_NAME = AppIcon;
				ASSETCATALOG_COMPILER_GLOBAL_ACCENT_COLOR_NAME = AccentColor;
				CODE_SIGN_STYLE = Automatic;
				DEVELOPMENT_TEAM = RD2277U49U;
				INFOPLIST_FILE = TaskManager/Info.plist;
				LD_RUNPATH_SEARCH_PATHS = (
					"$(inherited)",
					"@executable_path/Frameworks",
				);
				PRODUCT_BUNDLE_IDENTIFIER = com.test.TaskManager;
				PRODUCT_NAME = "$(TARGET_NAME)";
				SWIFT_VERSION = 5.0;
				TARGETED_DEVICE_FAMILY = "1,2";
			};
			name = Debug;
		};
		6B9C3E3227070676002972E8 /* Release */ = {
			isa = XCBuildConfiguration;
			buildSettings = {
				ASSETCATALOG_COMPILER_APPICON_NAME = AppIcon;
				ASSETCATALOG_COMPILER_GLOBAL_ACCENT_COLOR_NAME = AccentColor;
				CODE_SIGN_STYLE = Automatic;
				DEVELOPMENT_TEAM = RD2277U49U;
				INFOPLIST_FILE = TaskManager/Info.plist;
				LD_RUNPATH_SEARCH_PATHS = (
					"$(inherited)",
					"@executable_path/Frameworks",
				);
				PRODUCT_BUNDLE_IDENTIFIER = com.test.TaskManager;
				PRODUCT_NAME = "$(TARGET_NAME)";
				SWIFT_VERSION = 5.0;
				TARGETED_DEVICE_FAMILY = "1,2";
			};
			name = Release;
		};
		6B9C3E3427070676002972E8 /* Debug */ = {
			isa = XCBuildConfiguration;
			buildSettings = {
				ALWAYS_EMBED_SWIFT_STANDARD_LIBRARIES = YES;
				BUNDLE_LOADER = "$(TEST_HOST)";
				CODE_SIGN_STYLE = Automatic;
				DEVELOPMENT_TEAM = RD2277U49U;
				INFOPLIST_FILE = TaskManagerTests/Info.plist;
				IPHONEOS_DEPLOYMENT_TARGET = 14.5;
				LD_RUNPATH_SEARCH_PATHS = (
					"$(inherited)",
					"@executable_path/Frameworks",
					"@loader_path/Frameworks",
				);
				PRODUCT_BUNDLE_IDENTIFIER = com.test.TaskManagerTests;
				PRODUCT_NAME = "$(TARGET_NAME)";
				SWIFT_VERSION = 5.0;
				TARGETED_DEVICE_FAMILY = "1,2";
				TEST_HOST = "$(BUILT_PRODUCTS_DIR)/TaskManager.app/TaskManager";
			};
			name = Debug;
		};
		6B9C3E3527070676002972E8 /* Release */ = {
			isa = XCBuildConfiguration;
			buildSettings = {
				ALWAYS_EMBED_SWIFT_STANDARD_LIBRARIES = YES;
				BUNDLE_LOADER = "$(TEST_HOST)";
				CODE_SIGN_STYLE = Automatic;
				DEVELOPMENT_TEAM = RD2277U49U;
				INFOPLIST_FILE = TaskManagerTests/Info.plist;
				IPHONEOS_DEPLOYMENT_TARGET = 14.5;
				LD_RUNPATH_SEARCH_PATHS = (
					"$(inherited)",
					"@executable_path/Frameworks",
					"@loader_path/Frameworks",
				);
				PRODUCT_BUNDLE_IDENTIFIER = com.test.TaskManagerTests;
				PRODUCT_NAME = "$(TARGET_NAME)";
				SWIFT_VERSION = 5.0;
				TARGETED_DEVICE_FAMILY = "1,2";
				TEST_HOST = "$(BUILT_PRODUCTS_DIR)/TaskManager.app/TaskManager";
			};
			name = Release;
		};
		6B9C3E3727070676002972E8 /* Debug */ = {
			isa = XCBuildConfiguration;
			buildSettings = {
				ALWAYS_EMBED_SWIFT_STANDARD_LIBRARIES = YES;
				CODE_SIGN_STYLE = Automatic;
				DEVELOPMENT_TEAM = RD2277U49U;
				INFOPLIST_FILE = TaskManagerUITests/Info.plist;
				LD_RUNPATH_SEARCH_PATHS = (
					"$(inherited)",
					"@executable_path/Frameworks",
					"@loader_path/Frameworks",
				);
				PRODUCT_BUNDLE_IDENTIFIER = com.test.TaskManagerUITests;
				PRODUCT_NAME = "$(TARGET_NAME)";
				SWIFT_VERSION = 5.0;
				TARGETED_DEVICE_FAMILY = "1,2";
				TEST_TARGET_NAME = TaskManager;
			};
			name = Debug;
		};
		6B9C3E3827070676002972E8 /* Release */ = {
			isa = XCBuildConfiguration;
			buildSettings = {
				ALWAYS_EMBED_SWIFT_STANDARD_LIBRARIES = YES;
				CODE_SIGN_STYLE = Automatic;
				DEVELOPMENT_TEAM = RD2277U49U;
				INFOPLIST_FILE = TaskManagerUITests/Info.plist;
				LD_RUNPATH_SEARCH_PATHS = (
					"$(inherited)",
					"@executable_path/Frameworks",
					"@loader_path/Frameworks",
				);
				PRODUCT_BUNDLE_IDENTIFIER = com.test.TaskManagerUITests;
				PRODUCT_NAME = "$(TARGET_NAME)";
				SWIFT_VERSION = 5.0;
				TARGETED_DEVICE_FAMILY = "1,2";
				TEST_TARGET_NAME = TaskManager;
			};
			name = Release;
		};
/* End XCBuildConfiguration section */

/* Begin XCConfigurationList section */
		6B9C3DFE27070675002972E8 /* Build configuration list for PBXProject "TaskManager" */ = {
			isa = XCConfigurationList;
			buildConfigurations = (
				6B9C3E2E27070676002972E8 /* Debug */,
				6B9C3E2F27070676002972E8 /* Release */,
			);
			defaultConfigurationIsVisible = 0;
			defaultConfigurationName = Release;
		};
		6B9C3E3027070676002972E8 /* Build configuration list for PBXNativeTarget "TaskManager" */ = {
			isa = XCConfigurationList;
			buildConfigurations = (
				6B9C3E3127070676002972E8 /* Debug */,
				6B9C3E3227070676002972E8 /* Release */,
			);
			defaultConfigurationIsVisible = 0;
			defaultConfigurationName = Release;
		};
		6B9C3E3327070676002972E8 /* Build configuration list for PBXNativeTarget "TaskManagerTests" */ = {
			isa = XCConfigurationList;
			buildConfigurations = (
				6B9C3E3427070676002972E8 /* Debug */,
				6B9C3E3527070676002972E8 /* Release */,
			);
			defaultConfigurationIsVisible = 0;
			defaultConfigurationName = Release;
		};
		6B9C3E3627070676002972E8 /* Build configuration list for PBXNativeTarget "TaskManagerUITests" */ = {
			isa = XCConfigurationList;
			buildConfigurations = (
				6B9C3E3727070676002972E8 /* Debug */,
				6B9C3E3827070676002972E8 /* Release */,
			);
			defaultConfigurationIsVisible = 0;
			defaultConfigurationName = Release;
		};
/* End XCConfigurationList section */

/* Begin XCVersionGroup section */
		6B9C3E0F27070675002972E8 /* TaskManager.xcdatamodeld */ = {
			isa = XCVersionGroup;
			children = (
				6B9C3E1027070675002972E8 /* TaskManager.xcdatamodel */,
			);
			currentVersion = 6B9C3E1027070675002972E8 /* TaskManager.xcdatamodel */;
			path = TaskManager.xcdatamodeld;
			sourceTree = "<group>";
			versionGroupType = wrapper.xcdatamodel;
		};
/* End XCVersionGroup section */
	};
	rootObject = 6B9C3DFB27070675002972E8 /* Project object */;
}
